
Microsoft Visual Studio Solution File, Format Version 12.00
# Visual Studio 15
VisualStudioVersion = 15.0.27004.2008
MinimumVisualStudioVersion = 10.0.40219.1
Project("{FAE04EC0-301F-11D3-BF4B-00C04F79EFBC}") = "LFYA_Maquinas_Turing_v1", "LFYA_Maquinas_Turing_v1\LFYA_Maquinas_Turing_v1.csproj", "{2BF905F1-02AA-4EC9-90D6-BD84D42501FE}"
EndProject
Global
	GlobalSection(SolutionConfigurationPlatforms) = preSolution
		Debug|Any CPU = Debug|Any CPU
		Release|Any CPU = Release|Any CPU
	EndGlobalSection
	GlobalSection(ProjectConfigurationPlatforms) = postSolution
		{2BF905F1-02AA-4EC9-90D6-BD84D42501FE}.Debug|Any CPU.ActiveCfg = Debug|Any CPU
		{2BF905F1-02AA-4EC9-90D6-BD84D42501FE}.Debug|Any CPU.Build.0 = Debug|Any CPU
		{2BF905F1-02AA-4EC9-90D6-BD84D42501FE}.Release|Any CPU.ActiveCfg = Release|Any CPU
		{2BF905F1-02AA-4EC9-90D6-BD84D42501FE}.Release|Any CPU.Build.0 = Release|Any CPU
	EndGlobalSection
	GlobalSection(SolutionProperties) = preSolution
		HideSolutionNode = FALSE
	EndGlobalSection
	GlobalSection(ExtensibilityGlobals) = postSolution
		SolutionGuid = {61E097BD-7A00-415B-9B3C-A55826C12122}
	EndGlobalSection
EndGlobal
